{
    "name": "aidia-zebra-browser-print",
    "version": "0.1.7",
    "lockfileVersion": 2,
    "requires": true,
    "packages": {
        "": {
            "name": "aidia-zebra-browser-print",
            "version": "0.1.7",
            "license": "GPL-3.0",
            "devDependencies": {}
        }
    }
}
